
Microsoft Visual Studio Solution File, Format Version 12.00
# Visual Studio 15
VisualStudioVersion = 15.0.27130.2010
MinimumVisualStudioVersion = 10.0.40219.1
Project("{FAE04EC0-301F-11D3-BF4B-00C04F79EFBC}") = "HAIS.DailyFuel.APP.Android", "HAIS.DailyFuel.APP\HAIS.DailyFuel.APP.Android\HAIS.DailyFuel.APP.Android.csproj", "{9526D086-3F8E-4A91-BED2-1138EBD3654F}"
EndProject
Project("{FAE04EC0-301F-11D3-BF4B-00C04F79EFBC}") = "HAIS.DailyFuel.APP.iOS", "HAIS.DailyFuel.APP\HAIS.DailyFuel.APP.iOS\HAIS.DailyFuel.APP.iOS.csproj", "{1A95F099-6125-4C8C-BFAB-4F4908FED134}"
EndProject
Project("{FAE04EC0-301F-11D3-BF4B-00C04F79EFBC}") = "HAIS.DailyFuel.APP.UWP", "HAIS.DailyFuel.APP\HAIS.DailyFuel.APP.UWP\HAIS.DailyFuel.APP.UWP.csproj", "{F34818C5-CEF4-46CD-ABD9-1842242E5F17}"
EndProject
Project("{D954291E-2A0B-460D-934E-DC6B0785DB48}") = "HAIS.DailyFuel.APP", "HAIS.DailyFuel.APP\HAIS.DailyFuel.APP\HAIS.DailyFuel.APP.shproj", "{4319DFD7-A75E-4A77-AFBA-33BFF1C58084}"
EndProject
Global
	GlobalSection(SharedMSBuildProjectFiles) = preSolution
		HAIS.DailyFuel.APP\HAIS.DailyFuel.APP\HAIS.DailyFuel.APP.projitems*{1a95f099-6125-4c8c-bfab-4f4908fed134}*SharedItemsImports = 4
		HAIS.DailyFuel.APP\HAIS.DailyFuel.APP\HAIS.DailyFuel.APP.projitems*{4319dfd7-a75e-4a77-afba-33bff1c58084}*SharedItemsImports = 13
		HAIS.DailyFuel.APP\HAIS.DailyFuel.APP\HAIS.DailyFuel.APP.projitems*{9526d086-3f8e-4a91-bed2-1138ebd3654f}*SharedItemsImports = 4
		HAIS.DailyFuel.APP\HAIS.DailyFuel.APP\HAIS.DailyFuel.APP.projitems*{f34818c5-cef4-46cd-abd9-1842242e5f17}*SharedItemsImports = 4
	EndGlobalSection
	GlobalSection(SolutionConfigurationPlatforms) = preSolution
		Ad-Hoc|Any CPU = Ad-Hoc|Any CPU
		Ad-Hoc|ARM = Ad-Hoc|ARM
		Ad-Hoc|iPhone = Ad-Hoc|iPhone
		Ad-Hoc|iPhoneSimulator = Ad-Hoc|iPhoneSimulator
		Ad-Hoc|x64 = Ad-Hoc|x64
		Ad-Hoc|x86 = Ad-Hoc|x86
		AppStore|Any CPU = AppStore|Any CPU
		AppStore|ARM = AppStore|ARM
		AppStore|iPhone = AppStore|iPhone
		AppStore|iPhoneSimulator = AppStore|iPhoneSimulator
		AppStore|x64 = AppStore|x64
		AppStore|x86 = AppStore|x86
		Debug|Any CPU = Debug|Any CPU
		Debug|ARM = Debug|ARM
		Debug|iPhone = Debug|iPhone
		Debug|iPhoneSimulator = Debug|iPhoneSimulator
		Debug|x64 = Debug|x64
		Debug|x86 = Debug|x86
		Release|Any CPU = Release|Any CPU
		Release|ARM = Release|ARM
		Release|iPhone = Release|iPhone
		Release|iPhoneSimulator = Release|iPhoneSimulator
		Release|x64 = Release|x64
		Release|x86 = Release|x86
	EndGlobalSection
	GlobalSection(ProjectConfigurationPlatforms) = postSolution
		{9526D086-3F8E-4A91-BED2-1138EBD3654F}.Ad-Hoc|Any CPU.ActiveCfg = Release|Any CPU
		{9526D086-3F8E-4A91-BED2-1138EBD3654F}.Ad-Hoc|Any CPU.Build.0 = Release|Any CPU
		{9526D086-3F8E-4A91-BED2-1138EBD3654F}.Ad-Hoc|Any CPU.Deploy.0 = Release|Any CPU
		{9526D086-3F8E-4A91-BED2-1138EBD3654F}.Ad-Hoc|ARM.ActiveCfg = Release|Any CPU
		{9526D086-3F8E-4A91-BED2-1138EBD3654F}.Ad-Hoc|ARM.Build.0 = Release|Any CPU
		{9526D086-3F8E-4A91-BED2-1138EBD3654F}.Ad-Hoc|ARM.Deploy.0 = Release|Any CPU
		{9526D086-3F8E-4A91-BED2-1138EBD3654F}.Ad-Hoc|iPhone.ActiveCfg = Release|Any CPU
		{9526D086-3F8E-4A91-BED2-1138EBD3654F}.Ad-Hoc|iPhone.Build.0 = Release|Any CPU
		{9526D086-3F8E-4A91-BED2-1138EBD3654F}.Ad-Hoc|iPhone.Deploy.0 = Release|Any CPU
		{9526D086-3F8E-4A91-BED2-1138EBD3654F}.Ad-Hoc|iPhoneSimulator.ActiveCfg = Release|Any CPU
		{9526D086-3F8E-4A91-BED2-1138EBD3654F}.Ad-Hoc|iPhoneSimulator.Build.0 = Release|Any CPU
		{9526D086-3F8E-4A91-BED2-1138EBD3654F}.Ad-Hoc|iPhoneSimulator.Deploy.0 = Release|Any CPU
		{9526D086-3F8E-4A91-BED2-1138EBD3654F}.Ad-Hoc|x64.ActiveCfg = Release|Any CPU
		{9526D086-3F8E-4A91-BED2-1138EBD3654F}.Ad-Hoc|x64.Build.0 = Release|Any CPU
		{9526D086-3F8E-4A91-BED2-1138EBD3654F}.Ad-Hoc|x64.Deploy.0 = Release|Any CPU
		{9526D086-3F8E-4A91-BED2-1138EBD3654F}.Ad-Hoc|x86.ActiveCfg = Release|Any CPU
		{9526D086-3F8E-4A91-BED2-1138EBD3654F}.Ad-Hoc|x86.Build.0 = Release|Any CPU
		{9526D086-3F8E-4A91-BED2-1138EBD3654F}.Ad-Hoc|x86.Deploy.0 = Release|Any CPU
		{9526D086-3F8E-4A91-BED2-1138EBD3654F}.AppStore|Any CPU.ActiveCfg = Release|Any CPU
		{9526D086-3F8E-4A91-BED2-1138EBD3654F}.AppStore|Any CPU.Build.0 = Release|Any CPU
		{9526D086-3F8E-4A91-BED2-1138EBD3654F}.AppStore|Any CPU.Deploy.0 = Release|Any CPU
		{9526D086-3F8E-4A91-BED2-1138EBD3654F}.AppStore|ARM.ActiveCfg = Release|Any CPU
		{9526D086-3F8E-4A91-BED2-1138EBD3654F}.AppStore|ARM.Build.0 = Release|Any CPU
		{9526D086-3F8E-4A91-BED2-1138EBD3654F}.AppStore|ARM.Deploy.0 = Release|Any CPU
		{9526D086-3F8E-4A91-BED2-1138EBD3654F}.AppStore|iPhone.ActiveCfg = Release|Any CPU
		{9526D086-3F8E-4A91-BED2-1138EBD3654F}.AppStore|iPhone.Build.0 = Release|Any CPU
		{9526D086-3F8E-4A91-BED2-1138EBD3654F}.AppStore|iPhone.Deploy.0 = Release|Any CPU
		{9526D086-3F8E-4A91-BED2-1138EBD3654F}.AppStore|iPhoneSimulator.ActiveCfg = Release|Any CPU
		{9526D086-3F8E-4A91-BED2-1138EBD3654F}.AppStore|iPhoneSimulator.Build.0 = Release|Any CPU
		{9526D086-3F8E-4A91-BED2-1138EBD3654F}.AppStore|iPhoneSimulator.Deploy.0 = Release|Any CPU
		{9526D086-3F8E-4A91-BED2-1138EBD3654F}.AppStore|x64.ActiveCfg = Release|Any CPU
		{9526D086-3F8E-4A91-BED2-1138EBD3654F}.AppStore|x64.Build.0 = Release|Any CPU
		{9526D086-3F8E-4A91-BED2-1138EBD3654F}.AppStore|x64.Deploy.0 = Release|Any CPU
		{9526D086-3F8E-4A91-BED2-1138EBD3654F}.AppStore|x86.ActiveCfg = Release|Any CPU
		{9526D086-3F8E-4A91-BED2-1138EBD3654F}.AppStore|x86.Build.0 = Release|Any CPU
		{9526D086-3F8E-4A91-BED2-1138EBD3654F}.AppStore|x86.Deploy.0 = Release|Any CPU
		{9526D086-3F8E-4A91-BED2-1138EBD3654F}.Debug|Any CPU.ActiveCfg = Debug|Any CPU
		{9526D086-3F8E-4A91-BED2-1138EBD3654F}.Debug|Any CPU.Build.0 = Debug|Any CPU
		{9526D086-3F8E-4A91-BED2-1138EBD3654F}.Debug|Any CPU.Deploy.0 = Debug|Any CPU
		{9526D086-3F8E-4A91-BED2-1138EBD3654F}.Debug|ARM.ActiveCfg = Debug|Any CPU
		{9526D086-3F8E-4A91-BED2-1138EBD3654F}.Debug|ARM.Build.0 = Debug|Any CPU
		{9526D086-3F8E-4A91-BED2-1138EBD3654F}.Debug|ARM.Deploy.0 = Debug|Any CPU
		{9526D086-3F8E-4A91-BED2-1138EBD3654F}.Debug|iPhone.ActiveCfg = Debug|Any CPU
		{9526D086-3F8E-4A91-BED2-1138EBD3654F}.Debug|iPhone.Build.0 = Debug|Any CPU
		{9526D086-3F8E-4A91-BED2-1138EBD3654F}.Debug|iPhone.Deploy.0 = Debug|Any CPU
		{9526D086-3F8E-4A91-BED2-1138EBD3654F}.Debug|iPhoneSimulator.ActiveCfg = Debug|Any CPU
		{9526D086-3F8E-4A91-BED2-1138EBD3654F}.Debug|iPhoneSimulator.Build.0 = Debug|Any CPU
		{9526D086-3F8E-4A91-BED2-1138EBD3654F}.Debug|iPhoneSimulator.Deploy.0 = Debug|Any CPU
		{9526D086-3F8E-4A91-BED2-1138EBD3654F}.Debug|x64.ActiveCfg = Debug|Any CPU
		{9526D086-3F8E-4A91-BED2-1138EBD3654F}.Debug|x64.Build.0 = Debug|Any CPU
		{9526D086-3F8E-4A91-BED2-1138EBD3654F}.Debug|x64.Deploy.0 = Debug|Any CPU
		{9526D086-3F8E-4A91-BED2-1138EBD3654F}.Debug|x86.ActiveCfg = Debug|Any CPU
		{9526D086-3F8E-4A91-BED2-1138EBD3654F}.Debug|x86.Build.0 = Debug|Any CPU
		{9526D086-3F8E-4A91-BED2-1138EBD3654F}.Debug|x86.Deploy.0 = Debug|Any CPU
		{9526D086-3F8E-4A91-BED2-1138EBD3654F}.Release|Any CPU.ActiveCfg = Release|Any CPU
		{9526D086-3F8E-4A91-BED2-1138EBD3654F}.Release|Any CPU.Build.0 = Release|Any CPU
		{9526D086-3F8E-4A91-BED2-1138EBD3654F}.Release|Any CPU.Deploy.0 = Release|Any CPU
		{9526D086-3F8E-4A91-BED2-1138EBD3654F}.Release|ARM.ActiveCfg = Release|Any CPU
		{9526D086-3F8E-4A91-BED2-1138EBD3654F}.Release|ARM.Build.0 = Release|Any CPU
		{9526D086-3F8E-4A91-BED2-1138EBD3654F}.Release|ARM.Deploy.0 = Release|Any CPU
		{9526D086-3F8E-4A91-BED2-1138EBD3654F}.Release|iPhone.ActiveCfg = Release|Any CPU
		{9526D086-3F8E-4A91-BED2-1138EBD3654F}.Release|iPhone.Build.0 = Release|Any CPU
		{9526D086-3F8E-4A91-BED2-1138EBD3654F}.Release|iPhone.Deploy.0 = Release|Any CPU
		{9526D086-3F8E-4A91-BED2-1138EBD3654F}.Release|iPhoneSimulator.ActiveCfg = Release|Any CPU
		{9526D086-3F8E-4A91-BED2-1138EBD3654F}.Release|iPhoneSimulator.Build.0 = Release|Any CPU
		{9526D086-3F8E-4A91-BED2-1138EBD3654F}.Release|iPhoneSimulator.Deploy.0 = Release|Any CPU
		{9526D086-3F8E-4A91-BED2-1138EBD3654F}.Release|x64.ActiveCfg = Release|Any CPU
		{9526D086-3F8E-4A91-BED2-1138EBD3654F}.Release|x64.Build.0 = Release|Any CPU
		{9526D086-3F8E-4A91-BED2-1138EBD3654F}.Release|x64.Deploy.0 = Release|Any CPU
		{9526D086-3F8E-4A91-BED2-1138EBD3654F}.Release|x86.ActiveCfg = Release|Any CPU
		{9526D086-3F8E-4A91-BED2-1138EBD3654F}.Release|x86.Build.0 = Release|Any CPU
		{9526D086-3F8E-4A91-BED2-1138EBD3654F}.Release|x86.Deploy.0 = Release|Any CPU
		{1A95F099-6125-4C8C-BFAB-4F4908FED134}.Ad-Hoc|Any CPU.ActiveCfg = Ad-Hoc|iPhone
		{1A95F099-6125-4C8C-BFAB-4F4908FED134}.Ad-Hoc|ARM.ActiveCfg = Ad-Hoc|iPhone
		{1A95F099-6125-4C8C-BFAB-4F4908FED134}.Ad-Hoc|iPhone.ActiveCfg = Ad-Hoc|iPhone
		{1A95F099-6125-4C8C-BFAB-4F4908FED134}.Ad-Hoc|iPhone.Build.0 = Ad-Hoc|iPhone
		{1A95F099-6125-4C8C-BFAB-4F4908FED134}.Ad-Hoc|iPhoneSimulator.ActiveCfg = Ad-Hoc|iPhoneSimulator
		{1A95F099-6125-4C8C-BFAB-4F4908FED134}.Ad-Hoc|iPhoneSimulator.Build.0 = Ad-Hoc|iPhoneSimulator
		{1A95F099-6125-4C8C-BFAB-4F4908FED134}.Ad-Hoc|x64.ActiveCfg = Ad-Hoc|iPhone
		{1A95F099-6125-4C8C-BFAB-4F4908FED134}.Ad-Hoc|x86.ActiveCfg = Ad-Hoc|iPhone
		{1A95F099-6125-4C8C-BFAB-4F4908FED134}.AppStore|Any CPU.ActiveCfg = AppStore|iPhone
		{1A95F099-6125-4C8C-BFAB-4F4908FED134}.AppStore|ARM.ActiveCfg = AppStore|iPhone
		{1A95F099-6125-4C8C-BFAB-4F4908FED134}.AppStore|iPhone.ActiveCfg = AppStore|iPhone
		{1A95F099-6125-4C8C-BFAB-4F4908FED134}.AppStore|iPhone.Build.0 = AppStore|iPhone
		{1A95F099-6125-4C8C-BFAB-4F4908FED134}.AppStore|iPhoneSimulator.ActiveCfg = AppStore|iPhoneSimulator
		{1A95F099-6125-4C8C-BFAB-4F4908FED134}.AppStore|iPhoneSimulator.Build.0 = AppStore|iPhoneSimulator
		{1A95F099-6125-4C8C-BFAB-4F4908FED134}.AppStore|x64.ActiveCfg = AppStore|iPhone
		{1A95F099-6125-4C8C-BFAB-4F4908FED134}.AppStore|x86.ActiveCfg = AppStore|iPhone
		{1A95F099-6125-4C8C-BFAB-4F4908FED134}.Debug|Any CPU.ActiveCfg = Debug|iPhone
		{1A95F099-6125-4C8C-BFAB-4F4908FED134}.Debug|ARM.ActiveCfg = Debug|iPhone
		{1A95F099-6125-4C8C-BFAB-4F4908FED134}.Debug|iPhone.ActiveCfg = Debug|iPhone
		{1A95F099-6125-4C8C-BFAB-4F4908FED134}.Debug|iPhone.Build.0 = Debug|iPhone
		{1A95F099-6125-4C8C-BFAB-4F4908FED134}.Debug|iPhoneSimulator.ActiveCfg = Debug|iPhoneSimulator
		{1A95F099-6125-4C8C-BFAB-4F4908FED134}.Debug|iPhoneSimulator.Build.0 = Debug|iPhoneSimulator
		{1A95F099-6125-4C8C-BFAB-4F4908FED134}.Debug|x64.ActiveCfg = Debug|iPhone
		{1A95F099-6125-4C8C-BFAB-4F4908FED134}.Debug|x86.ActiveCfg = Debug|iPhone
		{1A95F099-6125-4C8C-BFAB-4F4908FED134}.Release|Any CPU.ActiveCfg = Release|iPhone
		{1A95F099-6125-4C8C-BFAB-4F4908FED134}.Release|ARM.ActiveCfg = Release|iPhone
		{1A95F099-6125-4C8C-BFAB-4F4908FED134}.Release|iPhone.ActiveCfg = Release|iPhone
		{1A95F099-6125-4C8C-BFAB-4F4908FED134}.Release|iPhone.Build.0 = Release|iPhone
		{1A95F099-6125-4C8C-BFAB-4F4908FED134}.Release|iPhoneSimulator.ActiveCfg = Release|iPhoneSimulator
		{1A95F099-6125-4C8C-BFAB-4F4908FED134}.Release|iPhoneSimulator.Build.0 = Release|iPhoneSimulator
		{1A95F099-6125-4C8C-BFAB-4F4908FED134}.Release|x64.ActiveCfg = Release|iPhone
		{1A95F099-6125-4C8C-BFAB-4F4908FED134}.Release|x86.ActiveCfg = Release|iPhone
		{F34818C5-CEF4-46CD-ABD9-1842242E5F17}.Ad-Hoc|Any CPU.ActiveCfg = Release|x86
		{F34818C5-CEF4-46CD-ABD9-1842242E5F17}.Ad-Hoc|Any CPU.Build.0 = Release|x86
		{F34818C5-CEF4-46CD-ABD9-1842242E5F17}.Ad-Hoc|Any CPU.Deploy.0 = Release|x86
		{F34818C5-CEF4-46CD-ABD9-1842242E5F17}.Ad-Hoc|ARM.ActiveCfg = Release|ARM
		{F34818C5-CEF4-46CD-ABD9-1842242E5F17}.Ad-Hoc|ARM.Build.0 = Release|ARM
		{F34818C5-CEF4-46CD-ABD9-1842242E5F17}.Ad-Hoc|ARM.Deploy.0 = Release|ARM
		{F34818C5-CEF4-46CD-ABD9-1842242E5F17}.Ad-Hoc|iPhone.ActiveCfg = Release|x86
		{F34818C5-CEF4-46CD-ABD9-1842242E5F17}.Ad-Hoc|iPhone.Build.0 = Release|x86
		{F34818C5-CEF4-46CD-ABD9-1842242E5F17}.Ad-Hoc|iPhone.Deploy.0 = Release|x86
		{F34818C5-CEF4-46CD-ABD9-1842242E5F17}.Ad-Hoc|iPhoneSimulator.ActiveCfg = Release|x86
		{F34818C5-CEF4-46CD-ABD9-1842242E5F17}.Ad-Hoc|iPhoneSimulator.Build.0 = Release|x86
		{F34818C5-CEF4-46CD-ABD9-1842242E5F17}.Ad-Hoc|iPhoneSimulator.Deploy.0 = Release|x86
		{F34818C5-CEF4-46CD-ABD9-1842242E5F17}.Ad-Hoc|x64.ActiveCfg = Release|x64
		{F34818C5-CEF4-46CD-ABD9-1842242E5F17}.Ad-Hoc|x64.Build.0 = Release|x64
		{F34818C5-CEF4-46CD-ABD9-1842242E5F17}.Ad-Hoc|x64.Deploy.0 = Release|x64
		{F34818C5-CEF4-46CD-ABD9-1842242E5F17}.Ad-Hoc|x86.ActiveCfg = Release|x86
		{F34818C5-CEF4-46CD-ABD9-1842242E5F17}.Ad-Hoc|x86.Build.0 = Release|x86
		{F34818C5-CEF4-46CD-ABD9-1842242E5F17}.Ad-Hoc|x86.Deploy.0 = Release|x86
		{F34818C5-CEF4-46CD-ABD9-1842242E5F17}.AppStore|Any CPU.ActiveCfg = Release|x86
		{F34818C5-CEF4-46CD-ABD9-1842242E5F17}.AppStore|Any CPU.Build.0 = Release|x86
		{F34818C5-CEF4-46CD-ABD9-1842242E5F17}.AppStore|Any CPU.Deploy.0 = Release|x86
		{F34818C5-CEF4-46CD-ABD9-1842242E5F17}.AppStore|ARM.ActiveCfg = Release|ARM
		{F34818C5-CEF4-46CD-ABD9-1842242E5F17}.AppStore|ARM.Build.0 = Release|ARM
		{F34818C5-CEF4-46CD-ABD9-1842242E5F17}.AppStore|ARM.Deploy.0 = Release|ARM
		{F34818C5-CEF4-46CD-ABD9-1842242E5F17}.AppStore|iPhone.ActiveCfg = Release|x86
		{F34818C5-CEF4-46CD-ABD9-1842242E5F17}.AppStore|iPhone.Build.0 = Release|x86
		{F34818C5-CEF4-46CD-ABD9-1842242E5F17}.AppStore|iPhone.Deploy.0 = Release|x86
		{F34818C5-CEF4-46CD-ABD9-1842242E5F17}.AppStore|iPhoneSimulator.ActiveCfg = Release|x86
		{F34818C5-CEF4-46CD-ABD9-1842242E5F17}.AppStore|iPhoneSimulator.Build.0 = Release|x86
		{F34818C5-CEF4-46CD-ABD9-1842242E5F17}.AppStore|iPhoneSimulator.Deploy.0 = Release|x86
		{F34818C5-CEF4-46CD-ABD9-1842242E5F17}.AppStore|x64.ActiveCfg = Release|x64
		{F34818C5-CEF4-46CD-ABD9-1842242E5F17}.AppStore|x64.Build.0 = Release|x64
		{F34818C5-CEF4-46CD-ABD9-1842242E5F17}.AppStore|x64.Deploy.0 = Release|x64
		{F34818C5-CEF4-46CD-ABD9-1842242E5F17}.AppStore|x86.ActiveCfg = Release|x86
		{F34818C5-CEF4-46CD-ABD9-1842242E5F17}.AppStore|x86.Build.0 = Release|x86
		{F34818C5-CEF4-46CD-ABD9-1842242E5F17}.AppStore|x86.Deploy.0 = Release|x86
		{F34818C5-CEF4-46CD-ABD9-1842242E5F17}.Debug|Any CPU.ActiveCfg = Debug|x86
		{F34818C5-CEF4-46CD-ABD9-1842242E5F17}.Debug|ARM.ActiveCfg = Debug|ARM
		{F34818C5-CEF4-46CD-ABD9-1842242E5F17}.Debug|ARM.Build.0 = Debug|ARM
		{F34818C5-CEF4-46CD-ABD9-1842242E5F17}.Debug|ARM.Deploy.0 = Debug|ARM
		{F34818C5-CEF4-46CD-ABD9-1842242E5F17}.Debug|iPhone.ActiveCfg = Debug|x86
		{F34818C5-CEF4-46CD-ABD9-1842242E5F17}.Debug|iPhoneSimulator.ActiveCfg = Debug|x86
		{F34818C5-CEF4-46CD-ABD9-1842242E5F17}.Debug|x64.ActiveCfg = Debug|x64
		{F34818C5-CEF4-46CD-ABD9-1842242E5F17}.Debug|x64.Build.0 = Debug|x64
		{F34818C5-CEF4-46CD-ABD9-1842242E5F17}.Debug|x64.Deploy.0 = Debug|x64
		{F34818C5-CEF4-46CD-ABD9-1842242E5F17}.Debug|x86.ActiveCfg = Debug|x86
		{F34818C5-CEF4-46CD-ABD9-1842242E5F17}.Debug|x86.Build.0 = Debug|x86
		{F34818C5-CEF4-46CD-ABD9-1842242E5F17}.Debug|x86.Deploy.0 = Debug|x86
		{F34818C5-CEF4-46CD-ABD9-1842242E5F17}.Release|Any CPU.ActiveCfg = Release|x86
		{F34818C5-CEF4-46CD-ABD9-1842242E5F17}.Release|ARM.ActiveCfg = Release|ARM
		{F34818C5-CEF4-46CD-ABD9-1842242E5F17}.Release|ARM.Build.0 = Release|ARM
		{F34818C5-CEF4-46CD-ABD9-1842242E5F17}.Release|ARM.Deploy.0 = Release|ARM
		{F34818C5-CEF4-46CD-ABD9-1842242E5F17}.Release|iPhone.ActiveCfg = Release|x86
		{F34818C5-CEF4-46CD-ABD9-1842242E5F17}.Release|iPhoneSimulator.ActiveCfg = Release|x86
		{F34818C5-CEF4-46CD-ABD9-1842242E5F17}.Release|x64.ActiveCfg = Release|x64
		{F34818C5-CEF4-46CD-ABD9-1842242E5F17}.Release|x64.Build.0 = Release|x64
		{F34818C5-CEF4-46CD-ABD9-1842242E5F17}.Release|x64.Deploy.0 = Release|x64
		{F34818C5-CEF4-46CD-ABD9-1842242E5F17}.Release|x86.ActiveCfg = Release|x86
		{F34818C5-CEF4-46CD-ABD9-1842242E5F17}.Release|x86.Build.0 = Release|x86
		{F34818C5-CEF4-46CD-ABD9-1842242E5F17}.Release|x86.Deploy.0 = Release|x86
	EndGlobalSection
	GlobalSection(SolutionProperties) = preSolution
		HideSolutionNode = FALSE
	EndGlobalSection
	GlobalSection(ExtensibilityGlobals) = postSolution
		SolutionGuid = {22406B1E-ADBD-4234-AF65-2D329CA1713C}
	EndGlobalSection
EndGlobal
